
Microsoft Visual Studio Solution File, Format Version 12.00
# Visual Studio 15
VisualStudioVersion = 15.0.28010.2003
MinimumVisualStudioVersion = 10.0.40219.1
Project("{FAE04EC0-301F-11D3-BF4B-00C04F79EFBC}") = "Sales.Android", "Sales\Sales.Android\Sales.Android.csproj", "{2E5AE72E-565A-4438-B02F-0B06D99348C7}"
EndProject
Project("{FAE04EC0-301F-11D3-BF4B-00C04F79EFBC}") = "Sales.iOS", "Sales\Sales.iOS\Sales.iOS.csproj", "{D4E6EED3-4A67-4F3D-B323-198C7454D9C7}"
EndProject
Project("{FAE04EC0-301F-11D3-BF4B-00C04F79EFBC}") = "Sales.UWP", "Sales\Sales.UWP\Sales.UWP.csproj", "{B75A3B42-C68B-47B2-8FE5-228D19694CF5}"
EndProject
Project("{9A19103F-16F7-4668-BE54-9A1E7A4F7556}") = "Sales", "Sales\Sales\Sales.csproj", "{E7874DEC-71B9-48B8-917B-046202BADF73}"
EndProject
Project("{FAE04EC0-301F-11D3-BF4B-00C04F79EFBC}") = "Sales.Domain", "Sales.Domain\Sales.Domain.csproj", "{EE741EA1-2F08-4433-8BF7-5A40118ACB5A}"
EndProject
Project("{FAE04EC0-301F-11D3-BF4B-00C04F79EFBC}") = "Sales.Common", "Sales.Common\Sales.Common.csproj", "{42984F14-DDDF-4765-8214-1B9000738C95}"
EndProject
Project("{FAE04EC0-301F-11D3-BF4B-00C04F79EFBC}") = "Sales.Backend", "Sales.Backend\Sales.Backend.csproj", "{ABF3FBB8-BFAB-4D0B-AA38-E6C867B979E2}"
EndProject
Project("{FAE04EC0-301F-11D3-BF4B-00C04F79EFBC}") = "Sales.API", "Sales.API\Sales.API.csproj", "{6D2403DE-C679-4C18-A3F0-5E5B87940C44}"
EndProject
Global
	GlobalSection(SolutionConfigurationPlatforms) = preSolution
		Ad-Hoc|Any CPU = Ad-Hoc|Any CPU
		Ad-Hoc|ARM = Ad-Hoc|ARM
		Ad-Hoc|iPhone = Ad-Hoc|iPhone
		Ad-Hoc|iPhoneSimulator = Ad-Hoc|iPhoneSimulator
		Ad-Hoc|x64 = Ad-Hoc|x64
		Ad-Hoc|x86 = Ad-Hoc|x86
		AppStore|Any CPU = AppStore|Any CPU
		AppStore|ARM = AppStore|ARM
		AppStore|iPhone = AppStore|iPhone
		AppStore|iPhoneSimulator = AppStore|iPhoneSimulator
		AppStore|x64 = AppStore|x64
		AppStore|x86 = AppStore|x86
		Debug|Any CPU = Debug|Any CPU
		Debug|ARM = Debug|ARM
		Debug|iPhone = Debug|iPhone
		Debug|iPhoneSimulator = Debug|iPhoneSimulator
		Debug|x64 = Debug|x64
		Debug|x86 = Debug|x86
		Release|Any CPU = Release|Any CPU
		Release|ARM = Release|ARM
		Release|iPhone = Release|iPhone
		Release|iPhoneSimulator = Release|iPhoneSimulator
		Release|x64 = Release|x64
		Release|x86 = Release|x86
	EndGlobalSection
	GlobalSection(ProjectConfigurationPlatforms) = postSolution
		{2E5AE72E-565A-4438-B02F-0B06D99348C7}.Ad-Hoc|Any CPU.ActiveCfg = Release|Any CPU
		{2E5AE72E-565A-4438-B02F-0B06D99348C7}.Ad-Hoc|Any CPU.Build.0 = Release|Any CPU
		{2E5AE72E-565A-4438-B02F-0B06D99348C7}.Ad-Hoc|Any CPU.Deploy.0 = Release|Any CPU
		{2E5AE72E-565A-4438-B02F-0B06D99348C7}.Ad-Hoc|ARM.ActiveCfg = Release|Any CPU
		{2E5AE72E-565A-4438-B02F-0B06D99348C7}.Ad-Hoc|ARM.Build.0 = Release|Any CPU
		{2E5AE72E-565A-4438-B02F-0B06D99348C7}.Ad-Hoc|ARM.Deploy.0 = Release|Any CPU
		{2E5AE72E-565A-4438-B02F-0B06D99348C7}.Ad-Hoc|iPhone.ActiveCfg = Release|Any CPU
		{2E5AE72E-565A-4438-B02F-0B06D99348C7}.Ad-Hoc|iPhone.Build.0 = Release|Any CPU
		{2E5AE72E-565A-4438-B02F-0B06D99348C7}.Ad-Hoc|iPhone.Deploy.0 = Release|Any CPU
		{2E5AE72E-565A-4438-B02F-0B06D99348C7}.Ad-Hoc|iPhoneSimulator.ActiveCfg = Release|Any CPU
		{2E5AE72E-565A-4438-B02F-0B06D99348C7}.Ad-Hoc|iPhoneSimulator.Build.0 = Release|Any CPU
		{2E5AE72E-565A-4438-B02F-0B06D99348C7}.Ad-Hoc|iPhoneSimulator.Deploy.0 = Release|Any CPU
		{2E5AE72E-565A-4438-B02F-0B06D99348C7}.Ad-Hoc|x64.ActiveCfg = Release|Any CPU
		{2E5AE72E-565A-4438-B02F-0B06D99348C7}.Ad-Hoc|x64.Build.0 = Release|Any CPU
		{2E5AE72E-565A-4438-B02F-0B06D99348C7}.Ad-Hoc|x64.Deploy.0 = Release|Any CPU
		{2E5AE72E-565A-4438-B02F-0B06D99348C7}.Ad-Hoc|x86.ActiveCfg = Release|Any CPU
		{2E5AE72E-565A-4438-B02F-0B06D99348C7}.Ad-Hoc|x86.Build.0 = Release|Any CPU
		{2E5AE72E-565A-4438-B02F-0B06D99348C7}.Ad-Hoc|x86.Deploy.0 = Release|Any CPU
		{2E5AE72E-565A-4438-B02F-0B06D99348C7}.AppStore|Any CPU.ActiveCfg = Release|Any CPU
		{2E5AE72E-565A-4438-B02F-0B06D99348C7}.AppStore|Any CPU.Build.0 = Release|Any CPU
		{2E5AE72E-565A-4438-B02F-0B06D99348C7}.AppStore|Any CPU.Deploy.0 = Release|Any CPU
		{2E5AE72E-565A-4438-B02F-0B06D99348C7}.AppStore|ARM.ActiveCfg = Release|Any CPU
		{2E5AE72E-565A-4438-B02F-0B06D99348C7}.AppStore|ARM.Build.0 = Release|Any CPU
		{2E5AE72E-565A-4438-B02F-0B06D99348C7}.AppStore|ARM.Deploy.0 = Release|Any CPU
		{2E5AE72E-565A-4438-B02F-0B06D99348C7}.AppStore|iPhone.ActiveCfg = Release|Any CPU
		{2E5AE72E-565A-4438-B02F-0B06D99348C7}.AppStore|iPhone.Build.0 = Release|Any CPU
		{2E5AE72E-565A-4438-B02F-0B06D99348C7}.AppStore|iPhone.Deploy.0 = Release|Any CPU
		{2E5AE72E-565A-4438-B02F-0B06D99348C7}.AppStore|iPhoneSimulator.ActiveCfg = Release|Any CPU
		{2E5AE72E-565A-4438-B02F-0B06D99348C7}.AppStore|iPhoneSimulator.Build.0 = Release|Any CPU
		{2E5AE72E-565A-4438-B02F-0B06D99348C7}.AppStore|iPhoneSimulator.Deploy.0 = Release|Any CPU
		{2E5AE72E-565A-4438-B02F-0B06D99348C7}.AppStore|x64.ActiveCfg = Release|Any CPU
		{2E5AE72E-565A-4438-B02F-0B06D99348C7}.AppStore|x64.Build.0 = Release|Any CPU
		{2E5AE72E-565A-4438-B02F-0B06D99348C7}.AppStore|x64.Deploy.0 = Release|Any CPU
		{2E5AE72E-565A-4438-B02F-0B06D99348C7}.AppStore|x86.ActiveCfg = Release|Any CPU
		{2E5AE72E-565A-4438-B02F-0B06D99348C7}.AppStore|x86.Build.0 = Release|Any CPU
		{2E5AE72E-565A-4438-B02F-0B06D99348C7}.AppStore|x86.Deploy.0 = Release|Any CPU
		{2E5AE72E-565A-4438-B02F-0B06D99348C7}.Debug|Any CPU.ActiveCfg = Debug|Any CPU
		{2E5AE72E-565A-4438-B02F-0B06D99348C7}.Debug|Any CPU.Build.0 = Debug|Any CPU
		{2E5AE72E-565A-4438-B02F-0B06D99348C7}.Debug|Any CPU.Deploy.0 = Debug|Any CPU
		{2E5AE72E-565A-4438-B02F-0B06D99348C7}.Debug|ARM.ActiveCfg = Debug|Any CPU
		{2E5AE72E-565A-4438-B02F-0B06D99348C7}.Debug|ARM.Build.0 = Debug|Any CPU
		{2E5AE72E-565A-4438-B02F-0B06D99348C7}.Debug|ARM.Deploy.0 = Debug|Any CPU
		{2E5AE72E-565A-4438-B02F-0B06D99348C7}.Debug|iPhone.ActiveCfg = Debug|Any CPU
		{2E5AE72E-565A-4438-B02F-0B06D99348C7}.Debug|iPhone.Build.0 = Debug|Any CPU
		{2E5AE72E-565A-4438-B02F-0B06D99348C7}.Debug|iPhone.Deploy.0 = Debug|Any CPU
		{2E5AE72E-565A-4438-B02F-0B06D99348C7}.Debug|iPhoneSimulator.ActiveCfg = Debug|Any CPU
		{2E5AE72E-565A-4438-B02F-0B06D99348C7}.Debug|iPhoneSimulator.Build.0 = Debug|Any CPU
		{2E5AE72E-565A-4438-B02F-0B06D99348C7}.Debug|iPhoneSimulator.Deploy.0 = Debug|Any CPU
		{2E5AE72E-565A-4438-B02F-0B06D99348C7}.Debug|x64.ActiveCfg = Debug|Any CPU
		{2E5AE72E-565A-4438-B02F-0B06D99348C7}.Debug|x64.Build.0 = Debug|Any CPU
		{2E5AE72E-565A-4438-B02F-0B06D99348C7}.Debug|x64.Deploy.0 = Debug|Any CPU
		{2E5AE72E-565A-4438-B02F-0B06D99348C7}.Debug|x86.ActiveCfg = Debug|Any CPU
		{2E5AE72E-565A-4438-B02F-0B06D99348C7}.Debug|x86.Build.0 = Debug|Any CPU
		{2E5AE72E-565A-4438-B02F-0B06D99348C7}.Debug|x86.Deploy.0 = Debug|Any CPU
		{2E5AE72E-565A-4438-B02F-0B06D99348C7}.Release|Any CPU.ActiveCfg = Release|Any CPU
		{2E5AE72E-565A-4438-B02F-0B06D99348C7}.Release|Any CPU.Build.0 = Release|Any CPU
		{2E5AE72E-565A-4438-B02F-0B06D99348C7}.Release|Any CPU.Deploy.0 = Release|Any CPU
		{2E5AE72E-565A-4438-B02F-0B06D99348C7}.Release|ARM.ActiveCfg = Release|Any CPU
		{2E5AE72E-565A-4438-B02F-0B06D99348C7}.Release|ARM.Build.0 = Release|Any CPU
		{2E5AE72E-565A-4438-B02F-0B06D99348C7}.Release|ARM.Deploy.0 = Release|Any CPU
		{2E5AE72E-565A-4438-B02F-0B06D99348C7}.Release|iPhone.ActiveCfg = Release|Any CPU
		{2E5AE72E-565A-4438-B02F-0B06D99348C7}.Release|iPhone.Build.0 = Release|Any CPU
		{2E5AE72E-565A-4438-B02F-0B06D99348C7}.Release|iPhone.Deploy.0 = Release|Any CPU
		{2E5AE72E-565A-4438-B02F-0B06D99348C7}.Release|iPhoneSimulator.ActiveCfg = Release|Any CPU
		{2E5AE72E-565A-4438-B02F-0B06D99348C7}.Release|iPhoneSimulator.Build.0 = Release|Any CPU
		{2E5AE72E-565A-4438-B02F-0B06D99348C7}.Release|iPhoneSimulator.Deploy.0 = Release|Any CPU
		{2E5AE72E-565A-4438-B02F-0B06D99348C7}.Release|x64.ActiveCfg = Release|Any CPU
		{2E5AE72E-565A-4438-B02F-0B06D99348C7}.Release|x64.Build.0 = Release|Any CPU
		{2E5AE72E-565A-4438-B02F-0B06D99348C7}.Release|x64.Deploy.0 = Release|Any CPU
		{2E5AE72E-565A-4438-B02F-0B06D99348C7}.Release|x86.ActiveCfg = Release|Any CPU
		{2E5AE72E-565A-4438-B02F-0B06D99348C7}.Release|x86.Build.0 = Release|Any CPU
		{2E5AE72E-565A-4438-B02F-0B06D99348C7}.Release|x86.Deploy.0 = Release|Any CPU
		{D4E6EED3-4A67-4F3D-B323-198C7454D9C7}.Ad-Hoc|Any CPU.ActiveCfg = Ad-Hoc|iPhone
		{D4E6EED3-4A67-4F3D-B323-198C7454D9C7}.Ad-Hoc|Any CPU.Build.0 = Ad-Hoc|iPhone
		{D4E6EED3-4A67-4F3D-B323-198C7454D9C7}.Ad-Hoc|Any CPU.Deploy.0 = Ad-Hoc|iPhone
		{D4E6EED3-4A67-4F3D-B323-198C7454D9C7}.Ad-Hoc|ARM.ActiveCfg = Ad-Hoc|iPhone
		{D4E6EED3-4A67-4F3D-B323-198C7454D9C7}.Ad-Hoc|ARM.Build.0 = Ad-Hoc|iPhone
		{D4E6EED3-4A67-4F3D-B323-198C7454D9C7}.Ad-Hoc|ARM.Deploy.0 = Ad-Hoc|iPhone
		{D4E6EED3-4A67-4F3D-B323-198C7454D9C7}.Ad-Hoc|iPhone.ActiveCfg = Ad-Hoc|iPhone
		{D4E6EED3-4A67-4F3D-B323-198C7454D9C7}.Ad-Hoc|iPhone.Build.0 = Ad-Hoc|iPhone
		{D4E6EED3-4A67-4F3D-B323-198C7454D9C7}.Ad-Hoc|iPhone.Deploy.0 = Ad-Hoc|iPhone
		{D4E6EED3-4A67-4F3D-B323-198C7454D9C7}.Ad-Hoc|iPhoneSimulator.ActiveCfg = Ad-Hoc|iPhoneSimulator
		{D4E6EED3-4A67-4F3D-B323-198C7454D9C7}.Ad-Hoc|iPhoneSimulator.Build.0 = Ad-Hoc|iPhoneSimulator
		{D4E6EED3-4A67-4F3D-B323-198C7454D9C7}.Ad-Hoc|iPhoneSimulator.Deploy.0 = Ad-Hoc|iPhoneSimulator
		{D4E6EED3-4A67-4F3D-B323-198C7454D9C7}.Ad-Hoc|x64.ActiveCfg = Ad-Hoc|iPhone
		{D4E6EED3-4A67-4F3D-B323-198C7454D9C7}.Ad-Hoc|x64.Build.0 = Ad-Hoc|iPhone
		{D4E6EED3-4A67-4F3D-B323-198C7454D9C7}.Ad-Hoc|x64.Deploy.0 = Ad-Hoc|iPhone
		{D4E6EED3-4A67-4F3D-B323-198C7454D9C7}.Ad-Hoc|x86.ActiveCfg = Ad-Hoc|iPhone
		{D4E6EED3-4A67-4F3D-B323-198C7454D9C7}.Ad-Hoc|x86.Build.0 = Ad-Hoc|iPhone
		{D4E6EED3-4A67-4F3D-B323-198C7454D9C7}.Ad-Hoc|x86.Deploy.0 = Ad-Hoc|iPhone
		{D4E6EED3-4A67-4F3D-B323-198C7454D9C7}.AppStore|Any CPU.ActiveCfg = AppStore|iPhone
		{D4E6EED3-4A67-4F3D-B323-198C7454D9C7}.AppStore|Any CPU.Build.0 = AppStore|iPhone
		{D4E6EED3-4A67-4F3D-B323-198C7454D9C7}.AppStore|Any CPU.Deploy.0 = AppStore|iPhone
		{D4E6EED3-4A67-4F3D-B323-198C7454D9C7}.AppStore|ARM.ActiveCfg = AppStore|iPhone
		{D4E6EED3-4A67-4F3D-B323-198C7454D9C7}.AppStore|ARM.Build.0 = AppStore|iPhone
		{D4E6EED3-4A67-4F3D-B323-198C7454D9C7}.AppStore|ARM.Deploy.0 = AppStore|iPhone
		{D4E6EED3-4A67-4F3D-B323-198C7454D9C7}.AppStore|iPhone.ActiveCfg = AppStore|iPhone
		{D4E6EED3-4A67-4F3D-B323-198C7454D9C7}.AppStore|iPhone.Build.0 = AppStore|iPhone
		{D4E6EED3-4A67-4F3D-B323-198C7454D9C7}.AppStore|iPhone.Deploy.0 = AppStore|iPhone
		{D4E6EED3-4A67-4F3D-B323-198C7454D9C7}.AppStore|iPhoneSimulator.ActiveCfg = AppStore|iPhoneSimulator
		{D4E6EED3-4A67-4F3D-B323-198C7454D9C7}.AppStore|iPhoneSimulator.Build.0 = AppStore|iPhoneSimulator
		{D4E6EED3-4A67-4F3D-B323-198C7454D9C7}.AppStore|iPhoneSimulator.Deploy.0 = AppStore|iPhoneSimulator
		{D4E6EED3-4A67-4F3D-B323-198C7454D9C7}.AppStore|x64.ActiveCfg = AppStore|iPhone
		{D4E6EED3-4A67-4F3D-B323-198C7454D9C7}.AppStore|x64.Build.0 = AppStore|iPhone
		{D4E6EED3-4A67-4F3D-B323-198C7454D9C7}.AppStore|x64.Deploy.0 = AppStore|iPhone
		{D4E6EED3-4A67-4F3D-B323-198C7454D9C7}.AppStore|x86.ActiveCfg = AppStore|iPhone
		{D4E6EED3-4A67-4F3D-B323-198C7454D9C7}.AppStore|x86.Build.0 = AppStore|iPhone
		{D4E6EED3-4A67-4F3D-B323-198C7454D9C7}.AppStore|x86.Deploy.0 = AppStore|iPhone
		{D4E6EED3-4A67-4F3D-B323-198C7454D9C7}.Debug|Any CPU.ActiveCfg = Debug|iPhoneSimulator
		{D4E6EED3-4A67-4F3D-B323-198C7454D9C7}.Debug|Any CPU.Build.0 = Debug|iPhoneSimulator
		{D4E6EED3-4A67-4F3D-B323-198C7454D9C7}.Debug|Any CPU.Deploy.0 = Debug|iPhoneSimulator
		{D4E6EED3-4A67-4F3D-B323-198C7454D9C7}.Debug|ARM.ActiveCfg = Debug|iPhone
		{D4E6EED3-4A67-4F3D-B323-198C7454D9C7}.Debug|ARM.Build.0 = Debug|iPhone
		{D4E6EED3-4A67-4F3D-B323-198C7454D9C7}.Debug|ARM.Deploy.0 = Debug|iPhone
		{D4E6EED3-4A67-4F3D-B323-198C7454D9C7}.Debug|iPhone.ActiveCfg = Debug|iPhone
		{D4E6EED3-4A67-4F3D-B323-198C7454D9C7}.Debug|iPhone.Build.0 = Debug|iPhone
		{D4E6EED3-4A67-4F3D-B323-198C7454D9C7}.Debug|iPhone.Deploy.0 = Debug|iPhone
		{D4E6EED3-4A67-4F3D-B323-198C7454D9C7}.Debug|iPhoneSimulator.ActiveCfg = Debug|iPhoneSimulator
		{D4E6EED3-4A67-4F3D-B323-198C7454D9C7}.Debug|iPhoneSimulator.Build.0 = Debug|iPhoneSimulator
		{D4E6EED3-4A67-4F3D-B323-198C7454D9C7}.Debug|iPhoneSimulator.Deploy.0 = Debug|iPhoneSimulator
		{D4E6EED3-4A67-4F3D-B323-198C7454D9C7}.Debug|x64.ActiveCfg = Debug|iPhone
		{D4E6EED3-4A67-4F3D-B323-198C7454D9C7}.Debug|x64.Build.0 = Debug|iPhone
		{D4E6EED3-4A67-4F3D-B323-198C7454D9C7}.Debug|x64.Deploy.0 = Debug|iPhone
		{D4E6EED3-4A67-4F3D-B323-198C7454D9C7}.Debug|x86.ActiveCfg = Debug|iPhone
		{D4E6EED3-4A67-4F3D-B323-198C7454D9C7}.Debug|x86.Build.0 = Debug|iPhone
		{D4E6EED3-4A67-4F3D-B323-198C7454D9C7}.Debug|x86.Deploy.0 = Debug|iPhone
		{D4E6EED3-4A67-4F3D-B323-198C7454D9C7}.Release|Any CPU.ActiveCfg = Release|iPhone
		{D4E6EED3-4A67-4F3D-B323-198C7454D9C7}.Release|Any CPU.Build.0 = Release|iPhone
		{D4E6EED3-4A67-4F3D-B323-198C7454D9C7}.Release|Any CPU.Deploy.0 = Release|iPhone
		{D4E6EED3-4A67-4F3D-B323-198C7454D9C7}.Release|ARM.ActiveCfg = Release|iPhone
		{D4E6EED3-4A67-4F3D-B323-198C7454D9C7}.Release|ARM.Build.0 = Release|iPhone
		{D4E6EED3-4A67-4F3D-B323-198C7454D9C7}.Release|ARM.Deploy.0 = Release|iPhone
		{D4E6EED3-4A67-4F3D-B323-198C7454D9C7}.Release|iPhone.ActiveCfg = Release|iPhone
		{D4E6EED3-4A67-4F3D-B323-198C7454D9C7}.Release|iPhone.Build.0 = Release|iPhone
		{D4E6EED3-4A67-4F3D-B323-198C7454D9C7}.Release|iPhone.Deploy.0 = Release|iPhone
		{D4E6EED3-4A67-4F3D-B323-198C7454D9C7}.Release|iPhoneSimulator.ActiveCfg = Release|iPhoneSimulator
		{D4E6EED3-4A67-4F3D-B323-198C7454D9C7}.Release|iPhoneSimulator.Build.0 = Release|iPhoneSimulator
		{D4E6EED3-4A67-4F3D-B323-198C7454D9C7}.Release|iPhoneSimulator.Deploy.0 = Release|iPhoneSimulator
		{D4E6EED3-4A67-4F3D-B323-198C7454D9C7}.Release|x64.ActiveCfg = Release|iPhone
		{D4E6EED3-4A67-4F3D-B323-198C7454D9C7}.Release|x64.Build.0 = Release|iPhone
		{D4E6EED3-4A67-4F3D-B323-198C7454D9C7}.Release|x64.Deploy.0 = Release|iPhone
		{D4E6EED3-4A67-4F3D-B323-198C7454D9C7}.Release|x86.ActiveCfg = Release|iPhone
		{D4E6EED3-4A67-4F3D-B323-198C7454D9C7}.Release|x86.Build.0 = Release|iPhone
		{D4E6EED3-4A67-4F3D-B323-198C7454D9C7}.Release|x86.Deploy.0 = Release|iPhone
		{B75A3B42-C68B-47B2-8FE5-228D19694CF5}.Ad-Hoc|Any CPU.ActiveCfg = Release|x86
		{B75A3B42-C68B-47B2-8FE5-228D19694CF5}.Ad-Hoc|Any CPU.Build.0 = Release|x86
		{B75A3B42-C68B-47B2-8FE5-228D19694CF5}.Ad-Hoc|Any CPU.Deploy.0 = Release|x86
		{B75A3B42-C68B-47B2-8FE5-228D19694CF5}.Ad-Hoc|ARM.ActiveCfg = Release|ARM
		{B75A3B42-C68B-47B2-8FE5-228D19694CF5}.Ad-Hoc|ARM.Build.0 = Release|ARM
		{B75A3B42-C68B-47B2-8FE5-228D19694CF5}.Ad-Hoc|ARM.Deploy.0 = Release|ARM
		{B75A3B42-C68B-47B2-8FE5-228D19694CF5}.Ad-Hoc|iPhone.ActiveCfg = Release|x86
		{B75A3B42-C68B-47B2-8FE5-228D19694CF5}.Ad-Hoc|iPhone.Build.0 = Release|x86
		{B75A3B42-C68B-47B2-8FE5-228D19694CF5}.Ad-Hoc|iPhone.Deploy.0 = Release|x86
		{B75A3B42-C68B-47B2-8FE5-228D19694CF5}.Ad-Hoc|iPhoneSimulator.ActiveCfg = Release|x86
		{B75A3B42-C68B-47B2-8FE5-228D19694CF5}.Ad-Hoc|iPhoneSimulator.Build.0 = Release|x86
		{B75A3B42-C68B-47B2-8FE5-228D19694CF5}.Ad-Hoc|iPhoneSimulator.Deploy.0 = Release|x86
		{B75A3B42-C68B-47B2-8FE5-228D19694CF5}.Ad-Hoc|x64.ActiveCfg = Release|x64
		{B75A3B42-C68B-47B2-8FE5-228D19694CF5}.Ad-Hoc|x64.Build.0 = Release|x64
		{B75A3B42-C68B-47B2-8FE5-228D19694CF5}.Ad-Hoc|x64.Deploy.0 = Release|x64
		{B75A3B42-C68B-47B2-8FE5-228D19694CF5}.Ad-Hoc|x86.ActiveCfg = Release|x86
		{B75A3B42-C68B-47B2-8FE5-228D19694CF5}.Ad-Hoc|x86.Build.0 = Release|x86
		{B75A3B42-C68B-47B2-8FE5-228D19694CF5}.Ad-Hoc|x86.Deploy.0 = Release|x86
		{B75A3B42-C68B-47B2-8FE5-228D19694CF5}.AppStore|Any CPU.ActiveCfg = Release|x86
		{B75A3B42-C68B-47B2-8FE5-228D19694CF5}.AppStore|Any CPU.Build.0 = Release|x86
		{B75A3B42-C68B-47B2-8FE5-228D19694CF5}.AppStore|Any CPU.Deploy.0 = Release|x86
		{B75A3B42-C68B-47B2-8FE5-228D19694CF5}.AppStore|ARM.ActiveCfg = Release|ARM
		{B75A3B42-C68B-47B2-8FE5-228D19694CF5}.AppStore|ARM.Build.0 = Release|ARM
		{B75A3B42-C68B-47B2-8FE5-228D19694CF5}.AppStore|ARM.Deploy.0 = Release|ARM
		{B75A3B42-C68B-47B2-8FE5-228D19694CF5}.AppStore|iPhone.ActiveCfg = Release|x86
		{B75A3B42-C68B-47B2-8FE5-228D19694CF5}.AppStore|iPhone.Build.0 = Release|x86
		{B75A3B42-C68B-47B2-8FE5-228D19694CF5}.AppStore|iPhone.Deploy.0 = Release|x86
		{B75A3B42-C68B-47B2-8FE5-228D19694CF5}.AppStore|iPhoneSimulator.ActiveCfg = Release|x86
		{B75A3B42-C68B-47B2-8FE5-228D19694CF5}.AppStore|iPhoneSimulator.Build.0 = Release|x86
		{B75A3B42-C68B-47B2-8FE5-228D19694CF5}.AppStore|iPhoneSimulator.Deploy.0 = Release|x86
		{B75A3B42-C68B-47B2-8FE5-228D19694CF5}.AppStore|x64.ActiveCfg = Release|x64
		{B75A3B42-C68B-47B2-8FE5-228D19694CF5}.AppStore|x64.Build.0 = Release|x64
		{B75A3B42-C68B-47B2-8FE5-228D19694CF5}.AppStore|x64.Deploy.0 = Release|x64
		{B75A3B42-C68B-47B2-8FE5-228D19694CF5}.AppStore|x86.ActiveCfg = Release|x86
		{B75A3B42-C68B-47B2-8FE5-228D19694CF5}.AppStore|x86.Build.0 = Release|x86
		{B75A3B42-C68B-47B2-8FE5-228D19694CF5}.AppStore|x86.Deploy.0 = Release|x86
		{B75A3B42-C68B-47B2-8FE5-228D19694CF5}.Debug|Any CPU.ActiveCfg = Debug|x86
		{B75A3B42-C68B-47B2-8FE5-228D19694CF5}.Debug|Any CPU.Build.0 = Debug|x86
		{B75A3B42-C68B-47B2-8FE5-228D19694CF5}.Debug|Any CPU.Deploy.0 = Debug|x86
		{B75A3B42-C68B-47B2-8FE5-228D19694CF5}.Debug|ARM.ActiveCfg = Debug|ARM
		{B75A3B42-C68B-47B2-8FE5-228D19694CF5}.Debug|ARM.Build.0 = Debug|ARM
		{B75A3B42-C68B-47B2-8FE5-228D19694CF5}.Debug|ARM.Deploy.0 = Debug|ARM
		{B75A3B42-C68B-47B2-8FE5-228D19694CF5}.Debug|iPhone.ActiveCfg = Debug|x86
		{B75A3B42-C68B-47B2-8FE5-228D19694CF5}.Debug|iPhone.Build.0 = Debug|x86
		{B75A3B42-C68B-47B2-8FE5-228D19694CF5}.Debug|iPhone.Deploy.0 = Debug|x86
		{B75A3B42-C68B-47B2-8FE5-228D19694CF5}.Debug|iPhoneSimulator.ActiveCfg = Debug|x86
		{B75A3B42-C68B-47B2-8FE5-228D19694CF5}.Debug|iPhoneSimulator.Build.0 = Debug|x86
		{B75A3B42-C68B-47B2-8FE5-228D19694CF5}.Debug|iPhoneSimulator.Deploy.0 = Debug|x86
		{B75A3B42-C68B-47B2-8FE5-228D19694CF5}.Debug|x64.ActiveCfg = Debug|x64
		{B75A3B42-C68B-47B2-8FE5-228D19694CF5}.Debug|x64.Build.0 = Debug|x64
		{B75A3B42-C68B-47B2-8FE5-228D19694CF5}.Debug|x64.Deploy.0 = Debug|x64
		{B75A3B42-C68B-47B2-8FE5-228D19694CF5}.Debug|x86.ActiveCfg = Debug|x86
		{B75A3B42-C68B-47B2-8FE5-228D19694CF5}.Debug|x86.Build.0 = Debug|x86
		{B75A3B42-C68B-47B2-8FE5-228D19694CF5}.Debug|x86.Deploy.0 = Debug|x86
		{B75A3B42-C68B-47B2-8FE5-228D19694CF5}.Release|Any CPU.ActiveCfg = Release|x86
		{B75A3B42-C68B-47B2-8FE5-228D19694CF5}.Release|Any CPU.Build.0 = Release|x86
		{B75A3B42-C68B-47B2-8FE5-228D19694CF5}.Release|Any CPU.Deploy.0 = Release|x86
		{B75A3B42-C68B-47B2-8FE5-228D19694CF5}.Release|ARM.ActiveCfg = Release|ARM
		{B75A3B42-C68B-47B2-8FE5-228D19694CF5}.Release|ARM.Build.0 = Release|ARM
		{B75A3B42-C68B-47B2-8FE5-228D19694CF5}.Release|ARM.Deploy.0 = Release|ARM
		{B75A3B42-C68B-47B2-8FE5-228D19694CF5}.Release|iPhone.ActiveCfg = Release|x86
		{B75A3B42-C68B-47B2-8FE5-228D19694CF5}.Release|iPhone.Build.0 = Release|x86
		{B75A3B42-C68B-47B2-8FE5-228D19694CF5}.Release|iPhone.Deploy.0 = Release|x86
		{B75A3B42-C68B-47B2-8FE5-228D19694CF5}.Release|iPhoneSimulator.ActiveCfg = Release|x86
		{B75A3B42-C68B-47B2-8FE5-228D19694CF5}.Release|iPhoneSimulator.Build.0 = Release|x86
		{B75A3B42-C68B-47B2-8FE5-228D19694CF5}.Release|iPhoneSimulator.Deploy.0 = Release|x86
		{B75A3B42-C68B-47B2-8FE5-228D19694CF5}.Release|x64.ActiveCfg = Release|x64
		{B75A3B42-C68B-47B2-8FE5-228D19694CF5}.Release|x64.Build.0 = Release|x64
		{B75A3B42-C68B-47B2-8FE5-228D19694CF5}.Release|x64.Deploy.0 = Release|x64
		{B75A3B42-C68B-47B2-8FE5-228D19694CF5}.Release|x86.ActiveCfg = Release|x86
		{B75A3B42-C68B-47B2-8FE5-228D19694CF5}.Release|x86.Build.0 = Release|x86
		{B75A3B42-C68B-47B2-8FE5-228D19694CF5}.Release|x86.Deploy.0 = Release|x86
		{E7874DEC-71B9-48B8-917B-046202BADF73}.Ad-Hoc|Any CPU.ActiveCfg = Debug|Any CPU
		{E7874DEC-71B9-48B8-917B-046202BADF73}.Ad-Hoc|Any CPU.Build.0 = Debug|Any CPU
		{E7874DEC-71B9-48B8-917B-046202BADF73}.Ad-Hoc|Any CPU.Deploy.0 = Debug|Any CPU
		{E7874DEC-71B9-48B8-917B-046202BADF73}.Ad-Hoc|ARM.ActiveCfg = Debug|Any CPU
		{E7874DEC-71B9-48B8-917B-046202BADF73}.Ad-Hoc|ARM.Build.0 = Debug|Any CPU
		{E7874DEC-71B9-48B8-917B-046202BADF73}.Ad-Hoc|ARM.Deploy.0 = Debug|Any CPU
		{E7874DEC-71B9-48B8-917B-046202BADF73}.Ad-Hoc|iPhone.ActiveCfg = Debug|Any CPU
		{E7874DEC-71B9-48B8-917B-046202BADF73}.Ad-Hoc|iPhone.Build.0 = Debug|Any CPU
		{E7874DEC-71B9-48B8-917B-046202BADF73}.Ad-Hoc|iPhone.Deploy.0 = Debug|Any CPU
		{E7874DEC-71B9-48B8-917B-046202BADF73}.Ad-Hoc|iPhoneSimulator.ActiveCfg = Debug|Any CPU
		{E7874DEC-71B9-48B8-917B-046202BADF73}.Ad-Hoc|iPhoneSimulator.Build.0 = Debug|Any CPU
		{E7874DEC-71B9-48B8-917B-046202BADF73}.Ad-Hoc|iPhoneSimulator.Deploy.0 = Debug|Any CPU
		{E7874DEC-71B9-48B8-917B-046202BADF73}.Ad-Hoc|x64.ActiveCfg = Debug|Any CPU
		{E7874DEC-71B9-48B8-917B-046202BADF73}.Ad-Hoc|x64.Build.0 = Debug|Any CPU
		{E7874DEC-71B9-48B8-917B-046202BADF73}.Ad-Hoc|x64.Deploy.0 = Debug|Any CPU
		{E7874DEC-71B9-48B8-917B-046202BADF73}.Ad-Hoc|x86.ActiveCfg = Debug|Any CPU
		{E7874DEC-71B9-48B8-917B-046202BADF73}.Ad-Hoc|x86.Build.0 = Debug|Any CPU
		{E7874DEC-71B9-48B8-917B-046202BADF73}.Ad-Hoc|x86.Deploy.0 = Debug|Any CPU
		{E7874DEC-71B9-48B8-917B-046202BADF73}.AppStore|Any CPU.ActiveCfg = Debug|Any CPU
		{E7874DEC-71B9-48B8-917B-046202BADF73}.AppStore|Any CPU.Build.0 = Debug|Any CPU
		{E7874DEC-71B9-48B8-917B-046202BADF73}.AppStore|Any CPU.Deploy.0 = Debug|Any CPU
		{E7874DEC-71B9-48B8-917B-046202BADF73}.AppStore|ARM.ActiveCfg = Debug|Any CPU
		{E7874DEC-71B9-48B8-917B-046202BADF73}.AppStore|ARM.Build.0 = Debug|Any CPU
		{E7874DEC-71B9-48B8-917B-046202BADF73}.AppStore|ARM.Deploy.0 = Debug|Any CPU
		{E7874DEC-71B9-48B8-917B-046202BADF73}.AppStore|iPhone.ActiveCfg = Debug|Any CPU
		{E7874DEC-71B9-48B8-917B-046202BADF73}.AppStore|iPhone.Build.0 = Debug|Any CPU
		{E7874DEC-71B9-48B8-917B-046202BADF73}.AppStore|iPhone.Deploy.0 = Debug|Any CPU
		{E7874DEC-71B9-48B8-917B-046202BADF73}.AppStore|iPhoneSimulator.ActiveCfg = Debug|Any CPU
		{E7874DEC-71B9-48B8-917B-046202BADF73}.AppStore|iPhoneSimulator.Build.0 = Debug|Any CPU
		{E7874DEC-71B9-48B8-917B-046202BADF73}.AppStore|iPhoneSimulator.Deploy.0 = Debug|Any CPU
		{E7874DEC-71B9-48B8-917B-046202BADF73}.AppStore|x64.ActiveCfg = Debug|Any CPU
		{E7874DEC-71B9-48B8-917B-046202BADF73}.AppStore|x64.Build.0 = Debug|Any CPU
		{E7874DEC-71B9-48B8-917B-046202BADF73}.AppStore|x64.Deploy.0 = Debug|Any CPU
		{E7874DEC-71B9-48B8-917B-046202BADF73}.AppStore|x86.ActiveCfg = Debug|Any CPU
		{E7874DEC-71B9-48B8-917B-046202BADF73}.AppStore|x86.Build.0 = Debug|Any CPU
		{E7874DEC-71B9-48B8-917B-046202BADF73}.AppStore|x86.Deploy.0 = Debug|Any CPU
		{E7874DEC-71B9-48B8-917B-046202BADF73}.Debug|Any CPU.ActiveCfg = Debug|Any CPU
		{E7874DEC-71B9-48B8-917B-046202BADF73}.Debug|Any CPU.Build.0 = Debug|Any CPU
		{E7874DEC-71B9-48B8-917B-046202BADF73}.Debug|Any CPU.Deploy.0 = Debug|Any CPU
		{E7874DEC-71B9-48B8-917B-046202BADF73}.Debug|ARM.ActiveCfg = Debug|Any CPU
		{E7874DEC-71B9-48B8-917B-046202BADF73}.Debug|ARM.Build.0 = Debug|Any CPU
		{E7874DEC-71B9-48B8-917B-046202BADF73}.Debug|ARM.Deploy.0 = Debug|Any CPU
		{E7874DEC-71B9-48B8-917B-046202BADF73}.Debug|iPhone.ActiveCfg = Debug|Any CPU
		{E7874DEC-71B9-48B8-917B-046202BADF73}.Debug|iPhone.Build.0 = Debug|Any CPU
		{E7874DEC-71B9-48B8-917B-046202BADF73}.Debug|iPhone.Deploy.0 = Debug|Any CPU
		{E7874DEC-71B9-48B8-917B-046202BADF73}.Debug|iPhoneSimulator.ActiveCfg = Debug|Any CPU
		{E7874DEC-71B9-48B8-917B-046202BADF73}.Debug|iPhoneSimulator.Build.0 = Debug|Any CPU
		{E7874DEC-71B9-48B8-917B-046202BADF73}.Debug|iPhoneSimulator.Deploy.0 = Debug|Any CPU
		{E7874DEC-71B9-48B8-917B-046202BADF73}.Debug|x64.ActiveCfg = Debug|Any CPU
		{E7874DEC-71B9-48B8-917B-046202BADF73}.Debug|x64.Build.0 = Debug|Any CPU
		{E7874DEC-71B9-48B8-917B-046202BADF73}.Debug|x64.Deploy.0 = Debug|Any CPU
		{E7874DEC-71B9-48B8-917B-046202BADF73}.Debug|x86.ActiveCfg = Debug|Any CPU
		{E7874DEC-71B9-48B8-917B-046202BADF73}.Debug|x86.Build.0 = Debug|Any CPU
		{E7874DEC-71B9-48B8-917B-046202BADF73}.Debug|x86.Deploy.0 = Debug|Any CPU
		{E7874DEC-71B9-48B8-917B-046202BADF73}.Release|Any CPU.ActiveCfg = Release|Any CPU
		{E7874DEC-71B9-48B8-917B-046202BADF73}.Release|Any CPU.Build.0 = Release|Any CPU
		{E7874DEC-71B9-48B8-917B-046202BADF73}.Release|Any CPU.Deploy.0 = Release|Any CPU
		{E7874DEC-71B9-48B8-917B-046202BADF73}.Release|ARM.ActiveCfg = Release|Any CPU
		{E7874DEC-71B9-48B8-917B-046202BADF73}.Release|ARM.Build.0 = Release|Any CPU
		{E7874DEC-71B9-48B8-917B-046202BADF73}.Release|ARM.Deploy.0 = Release|Any CPU
		{E7874DEC-71B9-48B8-917B-046202BADF73}.Release|iPhone.ActiveCfg = Release|Any CPU
		{E7874DEC-71B9-48B8-917B-046202BADF73}.Release|iPhone.Build.0 = Release|Any CPU
		{E7874DEC-71B9-48B8-917B-046202BADF73}.Release|iPhone.Deploy.0 = Release|Any CPU
		{E7874DEC-71B9-48B8-917B-046202BADF73}.Release|iPhoneSimulator.ActiveCfg = Release|Any CPU
		{E7874DEC-71B9-48B8-917B-046202BADF73}.Release|iPhoneSimulator.Build.0 = Release|Any CPU
		{E7874DEC-71B9-48B8-917B-046202BADF73}.Release|iPhoneSimulator.Deploy.0 = Release|Any CPU
		{E7874DEC-71B9-48B8-917B-046202BADF73}.Release|x64.ActiveCfg = Release|Any CPU
		{E7874DEC-71B9-48B8-917B-046202BADF73}.Release|x64.Build.0 = Release|Any CPU
		{E7874DEC-71B9-48B8-917B-046202BADF73}.Release|x64.Deploy.0 = Release|Any CPU
		{E7874DEC-71B9-48B8-917B-046202BADF73}.Release|x86.ActiveCfg = Release|Any CPU
		{E7874DEC-71B9-48B8-917B-046202BADF73}.Release|x86.Build.0 = Release|Any CPU
		{E7874DEC-71B9-48B8-917B-046202BADF73}.Release|x86.Deploy.0 = Release|Any CPU
		{EE741EA1-2F08-4433-8BF7-5A40118ACB5A}.Ad-Hoc|Any CPU.ActiveCfg = Release|Any CPU
		{EE741EA1-2F08-4433-8BF7-5A40118ACB5A}.Ad-Hoc|Any CPU.Build.0 = Release|Any CPU
		{EE741EA1-2F08-4433-8BF7-5A40118ACB5A}.Ad-Hoc|ARM.ActiveCfg = Release|Any CPU
		{EE741EA1-2F08-4433-8BF7-5A40118ACB5A}.Ad-Hoc|ARM.Build.0 = Release|Any CPU
		{EE741EA1-2F08-4433-8BF7-5A40118ACB5A}.Ad-Hoc|iPhone.ActiveCfg = Release|Any CPU
		{EE741EA1-2F08-4433-8BF7-5A40118ACB5A}.Ad-Hoc|iPhone.Build.0 = Release|Any CPU
		{EE741EA1-2F08-4433-8BF7-5A40118ACB5A}.Ad-Hoc|iPhoneSimulator.ActiveCfg = Release|Any CPU
		{EE741EA1-2F08-4433-8BF7-5A40118ACB5A}.Ad-Hoc|iPhoneSimulator.Build.0 = Release|Any CPU
		{EE741EA1-2F08-4433-8BF7-5A40118ACB5A}.Ad-Hoc|x64.ActiveCfg = Release|Any CPU
		{EE741EA1-2F08-4433-8BF7-5A40118ACB5A}.Ad-Hoc|x64.Build.0 = Release|Any CPU
		{EE741EA1-2F08-4433-8BF7-5A40118ACB5A}.Ad-Hoc|x86.ActiveCfg = Release|Any CPU
		{EE741EA1-2F08-4433-8BF7-5A40118ACB5A}.Ad-Hoc|x86.Build.0 = Release|Any CPU
		{EE741EA1-2F08-4433-8BF7-5A40118ACB5A}.AppStore|Any CPU.ActiveCfg = Release|Any CPU
		{EE741EA1-2F08-4433-8BF7-5A40118ACB5A}.AppStore|Any CPU.Build.0 = Release|Any CPU
		{EE741EA1-2F08-4433-8BF7-5A40118ACB5A}.AppStore|ARM.ActiveCfg = Release|Any CPU
		{EE741EA1-2F08-4433-8BF7-5A40118ACB5A}.AppStore|ARM.Build.0 = Release|Any CPU
		{EE741EA1-2F08-4433-8BF7-5A40118ACB5A}.AppStore|iPhone.ActiveCfg = Release|Any CPU
		{EE741EA1-2F08-4433-8BF7-5A40118ACB5A}.AppStore|iPhone.Build.0 = Release|Any CPU
		{EE741EA1-2F08-4433-8BF7-5A40118ACB5A}.AppStore|iPhoneSimulator.ActiveCfg = Release|Any CPU
		{EE741EA1-2F08-4433-8BF7-5A40118ACB5A}.AppStore|iPhoneSimulator.Build.0 = Release|Any CPU
		{EE741EA1-2F08-4433-8BF7-5A40118ACB5A}.AppStore|x64.ActiveCfg = Release|Any CPU
		{EE741EA1-2F08-4433-8BF7-5A40118ACB5A}.AppStore|x64.Build.0 = Release|Any CPU
		{EE741EA1-2F08-4433-8BF7-5A40118ACB5A}.AppStore|x86.ActiveCfg = Release|Any CPU
		{EE741EA1-2F08-4433-8BF7-5A40118ACB5A}.AppStore|x86.Build.0 = Release|Any CPU
		{EE741EA1-2F08-4433-8BF7-5A40118ACB5A}.Debug|Any CPU.ActiveCfg = Debug|Any CPU
		{EE741EA1-2F08-4433-8BF7-5A40118ACB5A}.Debug|Any CPU.Build.0 = Debug|Any CPU
		{EE741EA1-2F08-4433-8BF7-5A40118ACB5A}.Debug|ARM.ActiveCfg = Debug|Any CPU
		{EE741EA1-2F08-4433-8BF7-5A40118ACB5A}.Debug|ARM.Build.0 = Debug|Any CPU
		{EE741EA1-2F08-4433-8BF7-5A40118ACB5A}.Debug|iPhone.ActiveCfg = Debug|Any CPU
		{EE741EA1-2F08-4433-8BF7-5A40118ACB5A}.Debug|iPhone.Build.0 = Debug|Any CPU
		{EE741EA1-2F08-4433-8BF7-5A40118ACB5A}.Debug|iPhoneSimulator.ActiveCfg = Debug|Any CPU
		{EE741EA1-2F08-4433-8BF7-5A40118ACB5A}.Debug|iPhoneSimulator.Build.0 = Debug|Any CPU
		{EE741EA1-2F08-4433-8BF7-5A40118ACB5A}.Debug|x64.ActiveCfg = Debug|Any CPU
		{EE741EA1-2F08-4433-8BF7-5A40118ACB5A}.Debug|x64.Build.0 = Debug|Any CPU
		{EE741EA1-2F08-4433-8BF7-5A40118ACB5A}.Debug|x86.ActiveCfg = Debug|Any CPU
		{EE741EA1-2F08-4433-8BF7-5A40118ACB5A}.Debug|x86.Build.0 = Debug|Any CPU
		{EE741EA1-2F08-4433-8BF7-5A40118ACB5A}.Release|Any CPU.ActiveCfg = Release|Any CPU
		{EE741EA1-2F08-4433-8BF7-5A40118ACB5A}.Release|Any CPU.Build.0 = Release|Any CPU
		{EE741EA1-2F08-4433-8BF7-5A40118ACB5A}.Release|ARM.ActiveCfg = Release|Any CPU
		{EE741EA1-2F08-4433-8BF7-5A40118ACB5A}.Release|ARM.Build.0 = Release|Any CPU
		{EE741EA1-2F08-4433-8BF7-5A40118ACB5A}.Release|iPhone.ActiveCfg = Release|Any CPU
		{EE741EA1-2F08-4433-8BF7-5A40118ACB5A}.Release|iPhone.Build.0 = Release|Any CPU
		{EE741EA1-2F08-4433-8BF7-5A40118ACB5A}.Release|iPhoneSimulator.ActiveCfg = Release|Any CPU
		{EE741EA1-2F08-4433-8BF7-5A40118ACB5A}.Release|iPhoneSimulator.Build.0 = Release|Any CPU
		{EE741EA1-2F08-4433-8BF7-5A40118ACB5A}.Release|x64.ActiveCfg = Release|Any CPU
		{EE741EA1-2F08-4433-8BF7-5A40118ACB5A}.Release|x64.Build.0 = Release|Any CPU
		{EE741EA1-2F08-4433-8BF7-5A40118ACB5A}.Release|x86.ActiveCfg = Release|Any CPU
		{EE741EA1-2F08-4433-8BF7-5A40118ACB5A}.Release|x86.Build.0 = Release|Any CPU
		{42984F14-DDDF-4765-8214-1B9000738C95}.Ad-Hoc|Any CPU.ActiveCfg = Release|Any CPU
		{42984F14-DDDF-4765-8214-1B9000738C95}.Ad-Hoc|Any CPU.Build.0 = Release|Any CPU
		{42984F14-DDDF-4765-8214-1B9000738C95}.Ad-Hoc|ARM.ActiveCfg = Release|Any CPU
		{42984F14-DDDF-4765-8214-1B9000738C95}.Ad-Hoc|ARM.Build.0 = Release|Any CPU
		{42984F14-DDDF-4765-8214-1B9000738C95}.Ad-Hoc|iPhone.ActiveCfg = Release|Any CPU
		{42984F14-DDDF-4765-8214-1B9000738C95}.Ad-Hoc|iPhone.Build.0 = Release|Any CPU
		{42984F14-DDDF-4765-8214-1B9000738C95}.Ad-Hoc|iPhoneSimulator.ActiveCfg = Release|Any CPU
		{42984F14-DDDF-4765-8214-1B9000738C95}.Ad-Hoc|iPhoneSimulator.Build.0 = Release|Any CPU
		{42984F14-DDDF-4765-8214-1B9000738C95}.Ad-Hoc|x64.ActiveCfg = Release|Any CPU
		{42984F14-DDDF-4765-8214-1B9000738C95}.Ad-Hoc|x64.Build.0 = Release|Any CPU
		{42984F14-DDDF-4765-8214-1B9000738C95}.Ad-Hoc|x86.ActiveCfg = Release|Any CPU
		{42984F14-DDDF-4765-8214-1B9000738C95}.Ad-Hoc|x86.Build.0 = Release|Any CPU
		{42984F14-DDDF-4765-8214-1B9000738C95}.AppStore|Any CPU.ActiveCfg = Release|Any CPU
		{42984F14-DDDF-4765-8214-1B9000738C95}.AppStore|Any CPU.Build.0 = Release|Any CPU
		{42984F14-DDDF-4765-8214-1B9000738C95}.AppStore|ARM.ActiveCfg = Release|Any CPU
		{42984F14-DDDF-4765-8214-1B9000738C95}.AppStore|ARM.Build.0 = Release|Any CPU
		{42984F14-DDDF-4765-8214-1B9000738C95}.AppStore|iPhone.ActiveCfg = Release|Any CPU
		{42984F14-DDDF-4765-8214-1B9000738C95}.AppStore|iPhone.Build.0 = Release|Any CPU
		{42984F14-DDDF-4765-8214-1B9000738C95}.AppStore|iPhoneSimulator.ActiveCfg = Release|Any CPU
		{42984F14-DDDF-4765-8214-1B9000738C95}.AppStore|iPhoneSimulator.Build.0 = Release|Any CPU
		{42984F14-DDDF-4765-8214-1B9000738C95}.AppStore|x64.ActiveCfg = Release|Any CPU
		{42984F14-DDDF-4765-8214-1B9000738C95}.AppStore|x64.Build.0 = Release|Any CPU
		{42984F14-DDDF-4765-8214-1B9000738C95}.AppStore|x86.ActiveCfg = Release|Any CPU
		{42984F14-DDDF-4765-8214-1B9000738C95}.AppStore|x86.Build.0 = Release|Any CPU
		{42984F14-DDDF-4765-8214-1B9000738C95}.Debug|Any CPU.ActiveCfg = Debug|Any CPU
		{42984F14-DDDF-4765-8214-1B9000738C95}.Debug|Any CPU.Build.0 = Debug|Any CPU
		{42984F14-DDDF-4765-8214-1B9000738C95}.Debug|ARM.ActiveCfg = Debug|Any CPU
		{42984F14-DDDF-4765-8214-1B9000738C95}.Debug|ARM.Build.0 = Debug|Any CPU
		{42984F14-DDDF-4765-8214-1B9000738C95}.Debug|iPhone.ActiveCfg = Debug|Any CPU
		{42984F14-DDDF-4765-8214-1B9000738C95}.Debug|iPhone.Build.0 = Debug|Any CPU
		{42984F14-DDDF-4765-8214-1B9000738C95}.Debug|iPhoneSimulator.ActiveCfg = Debug|Any CPU
		{42984F14-DDDF-4765-8214-1B9000738C95}.Debug|iPhoneSimulator.Build.0 = Debug|Any CPU
		{42984F14-DDDF-4765-8214-1B9000738C95}.Debug|x64.ActiveCfg = Debug|Any CPU
		{42984F14-DDDF-4765-8214-1B9000738C95}.Debug|x64.Build.0 = Debug|Any CPU
		{42984F14-DDDF-4765-8214-1B9000738C95}.Debug|x86.ActiveCfg = Debug|Any CPU
		{42984F14-DDDF-4765-8214-1B9000738C95}.Debug|x86.Build.0 = Debug|Any CPU
		{42984F14-DDDF-4765-8214-1B9000738C95}.Release|Any CPU.ActiveCfg = Release|Any CPU
		{42984F14-DDDF-4765-8214-1B9000738C95}.Release|Any CPU.Build.0 = Release|Any CPU
		{42984F14-DDDF-4765-8214-1B9000738C95}.Release|ARM.ActiveCfg = Release|Any CPU
		{42984F14-DDDF-4765-8214-1B9000738C95}.Release|ARM.Build.0 = Release|Any CPU
		{42984F14-DDDF-4765-8214-1B9000738C95}.Release|iPhone.ActiveCfg = Release|Any CPU
		{42984F14-DDDF-4765-8214-1B9000738C95}.Release|iPhone.Build.0 = Release|Any CPU
		{42984F14-DDDF-4765-8214-1B9000738C95}.Release|iPhoneSimulator.ActiveCfg = Release|Any CPU
		{42984F14-DDDF-4765-8214-1B9000738C95}.Release|iPhoneSimulator.Build.0 = Release|Any CPU
		{42984F14-DDDF-4765-8214-1B9000738C95}.Release|x64.ActiveCfg = Release|Any CPU
		{42984F14-DDDF-4765-8214-1B9000738C95}.Release|x64.Build.0 = Release|Any CPU
		{42984F14-DDDF-4765-8214-1B9000738C95}.Release|x86.ActiveCfg = Release|Any CPU
		{42984F14-DDDF-4765-8214-1B9000738C95}.Release|x86.Build.0 = Release|Any CPU
		{ABF3FBB8-BFAB-4D0B-AA38-E6C867B979E2}.Ad-Hoc|Any CPU.ActiveCfg = Release|Any CPU
		{ABF3FBB8-BFAB-4D0B-AA38-E6C867B979E2}.Ad-Hoc|Any CPU.Build.0 = Release|Any CPU
		{ABF3FBB8-BFAB-4D0B-AA38-E6C867B979E2}.Ad-Hoc|ARM.ActiveCfg = Release|Any CPU
		{ABF3FBB8-BFAB-4D0B-AA38-E6C867B979E2}.Ad-Hoc|ARM.Build.0 = Release|Any CPU
		{ABF3FBB8-BFAB-4D0B-AA38-E6C867B979E2}.Ad-Hoc|iPhone.ActiveCfg = Release|Any CPU
		{ABF3FBB8-BFAB-4D0B-AA38-E6C867B979E2}.Ad-Hoc|iPhone.Build.0 = Release|Any CPU
		{ABF3FBB8-BFAB-4D0B-AA38-E6C867B979E2}.Ad-Hoc|iPhoneSimulator.ActiveCfg = Release|Any CPU
		{ABF3FBB8-BFAB-4D0B-AA38-E6C867B979E2}.Ad-Hoc|iPhoneSimulator.Build.0 = Release|Any CPU
		{ABF3FBB8-BFAB-4D0B-AA38-E6C867B979E2}.Ad-Hoc|x64.ActiveCfg = Release|Any CPU
		{ABF3FBB8-BFAB-4D0B-AA38-E6C867B979E2}.Ad-Hoc|x64.Build.0 = Release|Any CPU
		{ABF3FBB8-BFAB-4D0B-AA38-E6C867B979E2}.Ad-Hoc|x86.ActiveCfg = Release|Any CPU
		{ABF3FBB8-BFAB-4D0B-AA38-E6C867B979E2}.Ad-Hoc|x86.Build.0 = Release|Any CPU
		{ABF3FBB8-BFAB-4D0B-AA38-E6C867B979E2}.AppStore|Any CPU.ActiveCfg = Release|Any CPU
		{ABF3FBB8-BFAB-4D0B-AA38-E6C867B979E2}.AppStore|Any CPU.Build.0 = Release|Any CPU
		{ABF3FBB8-BFAB-4D0B-AA38-E6C867B979E2}.AppStore|ARM.ActiveCfg = Release|Any CPU
		{ABF3FBB8-BFAB-4D0B-AA38-E6C867B979E2}.AppStore|ARM.Build.0 = Release|Any CPU
		{ABF3FBB8-BFAB-4D0B-AA38-E6C867B979E2}.AppStore|iPhone.ActiveCfg = Release|Any CPU
		{ABF3FBB8-BFAB-4D0B-AA38-E6C867B979E2}.AppStore|iPhone.Build.0 = Release|Any CPU
		{ABF3FBB8-BFAB-4D0B-AA38-E6C867B979E2}.AppStore|iPhoneSimulator.ActiveCfg = Release|Any CPU
		{ABF3FBB8-BFAB-4D0B-AA38-E6C867B979E2}.AppStore|iPhoneSimulator.Build.0 = Release|Any CPU
		{ABF3FBB8-BFAB-4D0B-AA38-E6C867B979E2}.AppStore|x64.ActiveCfg = Release|Any CPU
		{ABF3FBB8-BFAB-4D0B-AA38-E6C867B979E2}.AppStore|x64.Build.0 = Release|Any CPU
		{ABF3FBB8-BFAB-4D0B-AA38-E6C867B979E2}.AppStore|x86.ActiveCfg = Release|Any CPU
		{ABF3FBB8-BFAB-4D0B-AA38-E6C867B979E2}.AppStore|x86.Build.0 = Release|Any CPU
		{ABF3FBB8-BFAB-4D0B-AA38-E6C867B979E2}.Debug|Any CPU.ActiveCfg = Debug|Any CPU
		{ABF3FBB8-BFAB-4D0B-AA38-E6C867B979E2}.Debug|Any CPU.Build.0 = Debug|Any CPU
		{ABF3FBB8-BFAB-4D0B-AA38-E6C867B979E2}.Debug|ARM.ActiveCfg = Debug|Any CPU
		{ABF3FBB8-BFAB-4D0B-AA38-E6C867B979E2}.Debug|ARM.Build.0 = Debug|Any CPU
		{ABF3FBB8-BFAB-4D0B-AA38-E6C867B979E2}.Debug|iPhone.ActiveCfg = Debug|Any CPU
		{ABF3FBB8-BFAB-4D0B-AA38-E6C867B979E2}.Debug|iPhone.Build.0 = Debug|Any CPU
		{ABF3FBB8-BFAB-4D0B-AA38-E6C867B979E2}.Debug|iPhoneSimulator.ActiveCfg = Debug|Any CPU
		{ABF3FBB8-BFAB-4D0B-AA38-E6C867B979E2}.Debug|iPhoneSimulator.Build.0 = Debug|Any CPU
		{ABF3FBB8-BFAB-4D0B-AA38-E6C867B979E2}.Debug|x64.ActiveCfg = Debug|Any CPU
		{ABF3FBB8-BFAB-4D0B-AA38-E6C867B979E2}.Debug|x64.Build.0 = Debug|Any CPU
		{ABF3FBB8-BFAB-4D0B-AA38-E6C867B979E2}.Debug|x86.ActiveCfg = Debug|Any CPU
		{ABF3FBB8-BFAB-4D0B-AA38-E6C867B979E2}.Debug|x86.Build.0 = Debug|Any CPU
		{ABF3FBB8-BFAB-4D0B-AA38-E6C867B979E2}.Release|Any CPU.ActiveCfg = Release|Any CPU
		{ABF3FBB8-BFAB-4D0B-AA38-E6C867B979E2}.Release|Any CPU.Build.0 = Release|Any CPU
		{ABF3FBB8-BFAB-4D0B-AA38-E6C867B979E2}.Release|ARM.ActiveCfg = Release|Any CPU
		{ABF3FBB8-BFAB-4D0B-AA38-E6C867B979E2}.Release|ARM.Build.0 = Release|Any CPU
		{ABF3FBB8-BFAB-4D0B-AA38-E6C867B979E2}.Release|iPhone.ActiveCfg = Release|Any CPU
		{ABF3FBB8-BFAB-4D0B-AA38-E6C867B979E2}.Release|iPhone.Build.0 = Release|Any CPU
		{ABF3FBB8-BFAB-4D0B-AA38-E6C867B979E2}.Release|iPhoneSimulator.ActiveCfg = Release|Any CPU
		{ABF3FBB8-BFAB-4D0B-AA38-E6C867B979E2}.Release|iPhoneSimulator.Build.0 = Release|Any CPU
		{ABF3FBB8-BFAB-4D0B-AA38-E6C867B979E2}.Release|x64.ActiveCfg = Release|Any CPU
		{ABF3FBB8-BFAB-4D0B-AA38-E6C867B979E2}.Release|x64.Build.0 = Release|Any CPU
		{ABF3FBB8-BFAB-4D0B-AA38-E6C867B979E2}.Release|x86.ActiveCfg = Release|Any CPU
		{ABF3FBB8-BFAB-4D0B-AA38-E6C867B979E2}.Release|x86.Build.0 = Release|Any CPU
		{6D2403DE-C679-4C18-A3F0-5E5B87940C44}.Ad-Hoc|Any CPU.ActiveCfg = Release|Any CPU
		{6D2403DE-C679-4C18-A3F0-5E5B87940C44}.Ad-Hoc|Any CPU.Build.0 = Release|Any CPU
		{6D2403DE-C679-4C18-A3F0-5E5B87940C44}.Ad-Hoc|ARM.ActiveCfg = Release|Any CPU
		{6D2403DE-C679-4C18-A3F0-5E5B87940C44}.Ad-Hoc|ARM.Build.0 = Release|Any CPU
		{6D2403DE-C679-4C18-A3F0-5E5B87940C44}.Ad-Hoc|iPhone.ActiveCfg = Release|Any CPU
		{6D2403DE-C679-4C18-A3F0-5E5B87940C44}.Ad-Hoc|iPhone.Build.0 = Release|Any CPU
		{6D2403DE-C679-4C18-A3F0-5E5B87940C44}.Ad-Hoc|iPhoneSimulator.ActiveCfg = Release|Any CPU
		{6D2403DE-C679-4C18-A3F0-5E5B87940C44}.Ad-Hoc|iPhoneSimulator.Build.0 = Release|Any CPU
		{6D2403DE-C679-4C18-A3F0-5E5B87940C44}.Ad-Hoc|x64.ActiveCfg = Release|Any CPU
		{6D2403DE-C679-4C18-A3F0-5E5B87940C44}.Ad-Hoc|x64.Build.0 = Release|Any CPU
		{6D2403DE-C679-4C18-A3F0-5E5B87940C44}.Ad-Hoc|x86.ActiveCfg = Release|Any CPU
		{6D2403DE-C679-4C18-A3F0-5E5B87940C44}.Ad-Hoc|x86.Build.0 = Release|Any CPU
		{6D2403DE-C679-4C18-A3F0-5E5B87940C44}.AppStore|Any CPU.ActiveCfg = Release|Any CPU
		{6D2403DE-C679-4C18-A3F0-5E5B87940C44}.AppStore|Any CPU.Build.0 = Release|Any CPU
		{6D2403DE-C679-4C18-A3F0-5E5B87940C44}.AppStore|ARM.ActiveCfg = Release|Any CPU
		{6D2403DE-C679-4C18-A3F0-5E5B87940C44}.AppStore|ARM.Build.0 = Release|Any CPU
		{6D2403DE-C679-4C18-A3F0-5E5B87940C44}.AppStore|iPhone.ActiveCfg = Release|Any CPU
		{6D2403DE-C679-4C18-A3F0-5E5B87940C44}.AppStore|iPhone.Build.0 = Release|Any CPU
		{6D2403DE-C679-4C18-A3F0-5E5B87940C44}.AppStore|iPhoneSimulator.ActiveCfg = Release|Any CPU
		{6D2403DE-C679-4C18-A3F0-5E5B87940C44}.AppStore|iPhoneSimulator.Build.0 = Release|Any CPU
		{6D2403DE-C679-4C18-A3F0-5E5B87940C44}.AppStore|x64.ActiveCfg = Release|Any CPU
		{6D2403DE-C679-4C18-A3F0-5E5B87940C44}.AppStore|x64.Build.0 = Release|Any CPU
		{6D2403DE-C679-4C18-A3F0-5E5B87940C44}.AppStore|x86.ActiveCfg = Release|Any CPU
		{6D2403DE-C679-4C18-A3F0-5E5B87940C44}.AppStore|x86.Build.0 = Release|Any CPU
		{6D2403DE-C679-4C18-A3F0-5E5B87940C44}.Debug|Any CPU.ActiveCfg = Debug|Any CPU
		{6D2403DE-C679-4C18-A3F0-5E5B87940C44}.Debug|Any CPU.Build.0 = Debug|Any CPU
		{6D2403DE-C679-4C18-A3F0-5E5B87940C44}.Debug|ARM.ActiveCfg = Debug|Any CPU
		{6D2403DE-C679-4C18-A3F0-5E5B87940C44}.Debug|ARM.Build.0 = Debug|Any CPU
		{6D2403DE-C679-4C18-A3F0-5E5B87940C44}.Debug|iPhone.ActiveCfg = Debug|Any CPU
		{6D2403DE-C679-4C18-A3F0-5E5B87940C44}.Debug|iPhone.Build.0 = Debug|Any CPU
		{6D2403DE-C679-4C18-A3F0-5E5B87940C44}.Debug|iPhoneSimulator.ActiveCfg = Debug|Any CPU
		{6D2403DE-C679-4C18-A3F0-5E5B87940C44}.Debug|iPhoneSimulator.Build.0 = Debug|Any CPU
		{6D2403DE-C679-4C18-A3F0-5E5B87940C44}.Debug|x64.ActiveCfg = Debug|Any CPU
		{6D2403DE-C679-4C18-A3F0-5E5B87940C44}.Debug|x64.Build.0 = Debug|Any CPU
		{6D2403DE-C679-4C18-A3F0-5E5B87940C44}.Debug|x86.ActiveCfg = Debug|Any CPU
		{6D2403DE-C679-4C18-A3F0-5E5B87940C44}.Debug|x86.Build.0 = Debug|Any CPU
		{6D2403DE-C679-4C18-A3F0-5E5B87940C44}.Release|Any CPU.ActiveCfg = Release|Any CPU
		{6D2403DE-C679-4C18-A3F0-5E5B87940C44}.Release|Any CPU.Build.0 = Release|Any CPU
		{6D2403DE-C679-4C18-A3F0-5E5B87940C44}.Release|ARM.ActiveCfg = Release|Any CPU
		{6D2403DE-C679-4C18-A3F0-5E5B87940C44}.Release|ARM.Build.0 = Release|Any CPU
		{6D2403DE-C679-4C18-A3F0-5E5B87940C44}.Release|iPhone.ActiveCfg = Release|Any CPU
		{6D2403DE-C679-4C18-A3F0-5E5B87940C44}.Release|iPhone.Build.0 = Release|Any CPU
		{6D2403DE-C679-4C18-A3F0-5E5B87940C44}.Release|iPhoneSimulator.ActiveCfg = Release|Any CPU
		{6D2403DE-C679-4C18-A3F0-5E5B87940C44}.Release|iPhoneSimulator.Build.0 = Release|Any CPU
		{6D2403DE-C679-4C18-A3F0-5E5B87940C44}.Release|x64.ActiveCfg = Release|Any CPU
		{6D2403DE-C679-4C18-A3F0-5E5B87940C44}.Release|x64.Build.0 = Release|Any CPU
		{6D2403DE-C679-4C18-A3F0-5E5B87940C44}.Release|x86.ActiveCfg = Release|Any CPU
		{6D2403DE-C679-4C18-A3F0-5E5B87940C44}.Release|x86.Build.0 = Release|Any CPU
	EndGlobalSection
	GlobalSection(SolutionProperties) = preSolution
		HideSolutionNode = FALSE
	EndGlobalSection
	GlobalSection(ExtensibilityGlobals) = postSolution
		SolutionGuid = {39D1EFB4-76EF-46D1-9E0A-9C910854DF32}
	EndGlobalSection
EndGlobal
